Microsoft Visual Studio Solution File, Format Version 11.00
# Visual Studio 2010
Project("{8BC9CEB8-8B4A-11D0-8D11-00A0C91BC942}") = "ALL_BUILD", "ALL_BUILD.vcxproj", "{33A8C413-0310-407C-A169-1FEA6C9A3119}"
	ProjectSection(ProjectDependencies) = postProject
		{5C54EAF3-9BB3-441A-A919-40205195AC83} = {5C54EAF3-9BB3-441A-A919-40205195AC83}
		{F58837E4-9D14-44B0-B750-C038E8450954} = {F58837E4-9D14-44B0-B750-C038E8450954}
		{20BD2F80-6E10-4A87-9900-1465FC240A51} = {20BD2F80-6E10-4A87-9900-1465FC240A51}
		{7F57FAC0-526B-4ADE-9C23-9211C61D1ADD} = {7F57FAC0-526B-4ADE-9C23-9211C61D1ADD}
		{A163BC97-5924-4F4A-9831-B5F58C5BB31F} = {A163BC97-5924-4F4A-9831-B5F58C5BB31F}
		{5AE34F44-2F4B-4182-8476-67D2B2EF94F6} = {5AE34F44-2F4B-4182-8476-67D2B2EF94F6}
		{C386BDF3-6F0A-44C8-A0EA-0DFA8F06C5C4} = {C386BDF3-6F0A-44C8-A0EA-0DFA8F06C5C4}
		{A079905D-C2CF-4321-AABD-2BD2840E1D0C} = {A079905D-C2CF-4321-AABD-2BD2840E1D0C}
		{00B0828B-B071-4872-8556-97A223F78376} = {00B0828B-B071-4872-8556-97A223F78376}
		{FB540811-5097-4382-8388-77EFED9054C0} = {FB540811-5097-4382-8388-77EFED9054C0}
		{27D19C14-6D25-4983-94DE-9916CD4DAECD} = {27D19C14-6D25-4983-94DE-9916CD4DAECD}
		{A2912CD3-EC68-4C6C-A7A2-26A98C7C1149} = {A2912CD3-EC68-4C6C-A7A2-26A98C7C1149}
		{9969B00A-D2CB-45FE-B497-D1F90FBA4FC1} = {9969B00A-D2CB-45FE-B497-D1F90FBA4FC1}
		{27526ACB-7B73-41FD-AF0E-683732483A36} = {27526ACB-7B73-41FD-AF0E-683732483A36}
		{ECEF66AA-86DC-4AF6-A7BE-996C54DB9876} = {ECEF66AA-86DC-4AF6-A7BE-996C54DB9876}
		{C647DEA6-732F-41CC-A616-07B6DF6F445A} = {C647DEA6-732F-41CC-A616-07B6DF6F445A}
		{15C77FC1-38B8-43BF-B7ED-82B01F35E7F3} = {15C77FC1-38B8-43BF-B7ED-82B01F35E7F3}
		{21174441-B7D2-4288-931F-7C3809420F9F} = {21174441-B7D2-4288-931F-7C3809420F9F}
		{F494976A-8392-4EE0-B046-D039D87FF48A} = {F494976A-8392-4EE0-B046-D039D87FF48A}
		{2444BD83-6B6B-4F25-B3B4-FF87D89FD2A3} = {2444BD83-6B6B-4F25-B3B4-FF87D89FD2A3}
		{32585D12-0856-410B-89D4-077DED0CBA7B} = {32585D12-0856-410B-89D4-077DED0CBA7B}
		{50B95CE5-4DC9-410A-A70D-91CFECC70458} = {50B95CE5-4DC9-410A-A70D-91CFECC70458}
		{81DECBF5-5064-4BBB-AC70-95DF10A04E3E} = {81DECBF5-5064-4BBB-AC70-95DF10A04E3E}
		{7B939339-3E05-4F35-885B-2CE464B16022} = {7B939339-3E05-4F35-885B-2CE464B16022}
		{77B04A22-8165-4D59-A564-A0D3091D1B67} = {77B04A22-8165-4D59-A564-A0D3091D1B67}
	EndProjectSection
EndProject
Project("{8BC9CEB8-8B4A-11D0-8D11-00A0C91BC942}") = "INSTALL", "INSTALL.vcxproj", "{7E664106-E328-4AC9-86F2-FF5549C01AE6}"
	ProjectSection(ProjectDependencies) = postProject
		{33A8C413-0310-407C-A169-1FEA6C9A3119} = {33A8C413-0310-407C-A169-1FEA6C9A3119}
	EndProjectSection
EndProject
Project("{8BC9CEB8-8B4A-11D0-8D11-00A0C91BC942}") = "ZERO_CHECK", "ZERO_CHECK.vcxproj", "{5C54EAF3-9BB3-441A-A919-40205195AC83}"
	ProjectSection(ProjectDependencies) = postProject
	EndProjectSection
EndProject
Project("{8BC9CEB8-8B4A-11D0-8D11-00A0C91BC942}") = "accuracy", "tests\accuracy.vcxproj", "{F58837E4-9D14-44B0-B750-C038E8450954}"
	ProjectSection(ProjectDependencies) = postProject
		{5C54EAF3-9BB3-441A-A919-40205195AC83} = {5C54EAF3-9BB3-441A-A919-40205195AC83}
		{FB540811-5097-4382-8388-77EFED9054C0} = {FB540811-5097-4382-8388-77EFED9054C0}
	EndProjectSection
EndProject
Project("{8BC9CEB8-8B4A-11D0-8D11-00A0C91BC942}") = "boing", "examples\boing.vcxproj", "{20BD2F80-6E10-4A87-9900-1465FC240A51}"
	ProjectSection(ProjectDependencies) = postProject
		{5C54EAF3-9BB3-441A-A919-40205195AC83} = {5C54EAF3-9BB3-441A-A919-40205195AC83}
		{FB540811-5097-4382-8388-77EFED9054C0} = {FB540811-5097-4382-8388-77EFED9054C0}
	EndProjectSection
EndProject
Project("{8BC9CEB8-8B4A-11D0-8D11-00A0C91BC942}") = "clipboard", "tests\clipboard.vcxproj", "{7F57FAC0-526B-4ADE-9C23-9211C61D1ADD}"
	ProjectSection(ProjectDependencies) = postProject
		{5C54EAF3-9BB3-441A-A919-40205195AC83} = {5C54EAF3-9BB3-441A-A919-40205195AC83}
		{FB540811-5097-4382-8388-77EFED9054C0} = {FB540811-5097-4382-8388-77EFED9054C0}
	EndProjectSection
EndProject
Project("{8BC9CEB8-8B4A-11D0-8D11-00A0C91BC942}") = "defaults", "tests\defaults.vcxproj", "{A163BC97-5924-4F4A-9831-B5F58C5BB31F}"
	ProjectSection(ProjectDependencies) = postProject
		{5C54EAF3-9BB3-441A-A919-40205195AC83} = {5C54EAF3-9BB3-441A-A919-40205195AC83}
		{FB540811-5097-4382-8388-77EFED9054C0} = {FB540811-5097-4382-8388-77EFED9054C0}
	EndProjectSection
EndProject
Project("{8BC9CEB8-8B4A-11D0-8D11-00A0C91BC942}") = "events", "tests\events.vcxproj", "{5AE34F44-2F4B-4182-8476-67D2B2EF94F6}"
	ProjectSection(ProjectDependencies) = postProject
		{5C54EAF3-9BB3-441A-A919-40205195AC83} = {5C54EAF3-9BB3-441A-A919-40205195AC83}
		{FB540811-5097-4382-8388-77EFED9054C0} = {FB540811-5097-4382-8388-77EFED9054C0}
	EndProjectSection
EndProject
Project("{8BC9CEB8-8B4A-11D0-8D11-00A0C91BC942}") = "fsaa", "tests\fsaa.vcxproj", "{C386BDF3-6F0A-44C8-A0EA-0DFA8F06C5C4}"
	ProjectSection(ProjectDependencies) = postProject
		{5C54EAF3-9BB3-441A-A919-40205195AC83} = {5C54EAF3-9BB3-441A-A919-40205195AC83}
		{FB540811-5097-4382-8388-77EFED9054C0} = {FB540811-5097-4382-8388-77EFED9054C0}
	EndProjectSection
EndProject
Project("{8BC9CEB8-8B4A-11D0-8D11-00A0C91BC942}") = "gamma", "tests\gamma.vcxproj", "{A079905D-C2CF-4321-AABD-2BD2840E1D0C}"
	ProjectSection(ProjectDependencies) = postProject
		{5C54EAF3-9BB3-441A-A919-40205195AC83} = {5C54EAF3-9BB3-441A-A919-40205195AC83}
		{FB540811-5097-4382-8388-77EFED9054C0} = {FB540811-5097-4382-8388-77EFED9054C0}
	EndProjectSection
EndProject
Project("{8BC9CEB8-8B4A-11D0-8D11-00A0C91BC942}") = "gears", "examples\gears.vcxproj", "{00B0828B-B071-4872-8556-97A223F78376}"
	ProjectSection(ProjectDependencies) = postProject
		{5C54EAF3-9BB3-441A-A919-40205195AC83} = {5C54EAF3-9BB3-441A-A919-40205195AC83}
		{FB540811-5097-4382-8388-77EFED9054C0} = {FB540811-5097-4382-8388-77EFED9054C0}
	EndProjectSection
EndProject
Project("{8BC9CEB8-8B4A-11D0-8D11-00A0C91BC942}") = "glfw", "src\glfw.vcxproj", "{FB540811-5097-4382-8388-77EFED9054C0}"
	ProjectSection(ProjectDependencies) = postProject
		{5C54EAF3-9BB3-441A-A919-40205195AC83} = {5C54EAF3-9BB3-441A-A919-40205195AC83}
	EndProjectSection
EndProject
Project("{8BC9CEB8-8B4A-11D0-8D11-00A0C91BC942}") = "glfwinfo", "tests\glfwinfo.vcxproj", "{27D19C14-6D25-4983-94DE-9916CD4DAECD}"
	ProjectSection(ProjectDependencies) = postProject
		{5C54EAF3-9BB3-441A-A919-40205195AC83} = {5C54EAF3-9BB3-441A-A919-40205195AC83}
		{FB540811-5097-4382-8388-77EFED9054C0} = {FB540811-5097-4382-8388-77EFED9054C0}
	EndProjectSection
EndProject
Project("{8BC9CEB8-8B4A-11D0-8D11-00A0C91BC942}") = "heightmap", "examples\heightmap.vcxproj", "{A2912CD3-EC68-4C6C-A7A2-26A98C7C1149}"
	ProjectSection(ProjectDependencies) = postProject
		{5C54EAF3-9BB3-441A-A919-40205195AC83} = {5C54EAF3-9BB3-441A-A919-40205195AC83}
		{FB540811-5097-4382-8388-77EFED9054C0} = {FB540811-5097-4382-8388-77EFED9054C0}
	EndProjectSection
EndProject
Project("{8BC9CEB8-8B4A-11D0-8D11-00A0C91BC942}") = "iconify", "tests\iconify.vcxproj", "{9969B00A-D2CB-45FE-B497-D1F90FBA4FC1}"
	ProjectSection(ProjectDependencies) = postProject
		{5C54EAF3-9BB3-441A-A919-40205195AC83} = {5C54EAF3-9BB3-441A-A919-40205195AC83}
		{FB540811-5097-4382-8388-77EFED9054C0} = {FB540811-5097-4382-8388-77EFED9054C0}
	EndProjectSection
EndProject
Project("{8BC9CEB8-8B4A-11D0-8D11-00A0C91BC942}") = "joysticks", "tests\joysticks.vcxproj", "{27526ACB-7B73-41FD-AF0E-683732483A36}"
	ProjectSection(ProjectDependencies) = postProject
		{5C54EAF3-9BB3-441A-A919-40205195AC83} = {5C54EAF3-9BB3-441A-A919-40205195AC83}
		{FB540811-5097-4382-8388-77EFED9054C0} = {FB540811-5097-4382-8388-77EFED9054C0}
	EndProjectSection
EndProject
Project("{8BC9CEB8-8B4A-11D0-8D11-00A0C91BC942}") = "modes", "tests\modes.vcxproj", "{ECEF66AA-86DC-4AF6-A7BE-996C54DB9876}"
	ProjectSection(ProjectDependencies) = postProject
		{5C54EAF3-9BB3-441A-A919-40205195AC83} = {5C54EAF3-9BB3-441A-A919-40205195AC83}
		{FB540811-5097-4382-8388-77EFED9054C0} = {FB540811-5097-4382-8388-77EFED9054C0}
	EndProjectSection
EndProject
Project("{8BC9CEB8-8B4A-11D0-8D11-00A0C91BC942}") = "peter", "tests\peter.vcxproj", "{C647DEA6-732F-41CC-A616-07B6DF6F445A}"
	ProjectSection(ProjectDependencies) = postProject
		{5C54EAF3-9BB3-441A-A919-40205195AC83} = {5C54EAF3-9BB3-441A-A919-40205195AC83}
		{FB540811-5097-4382-8388-77EFED9054C0} = {FB540811-5097-4382-8388-77EFED9054C0}
	EndProjectSection
EndProject
Project("{8BC9CEB8-8B4A-11D0-8D11-00A0C91BC942}") = "reopen", "tests\reopen.vcxproj", "{15C77FC1-38B8-43BF-B7ED-82B01F35E7F3}"
	ProjectSection(ProjectDependencies) = postProject
		{5C54EAF3-9BB3-441A-A919-40205195AC83} = {5C54EAF3-9BB3-441A-A919-40205195AC83}
		{FB540811-5097-4382-8388-77EFED9054C0} = {FB540811-5097-4382-8388-77EFED9054C0}
	EndProjectSection
EndProject
Project("{8BC9CEB8-8B4A-11D0-8D11-00A0C91BC942}") = "sharing", "tests\sharing.vcxproj", "{21174441-B7D2-4288-931F-7C3809420F9F}"
	ProjectSection(ProjectDependencies) = postProject
		{5C54EAF3-9BB3-441A-A919-40205195AC83} = {5C54EAF3-9BB3-441A-A919-40205195AC83}
		{FB540811-5097-4382-8388-77EFED9054C0} = {FB540811-5097-4382-8388-77EFED9054C0}
	EndProjectSection
EndProject
Project("{8BC9CEB8-8B4A-11D0-8D11-00A0C91BC942}") = "simple", "examples\simple.vcxproj", "{F494976A-8392-4EE0-B046-D039D87FF48A}"
	ProjectSection(ProjectDependencies) = postProject
		{5C54EAF3-9BB3-441A-A919-40205195AC83} = {5C54EAF3-9BB3-441A-A919-40205195AC83}
		{FB540811-5097-4382-8388-77EFED9054C0} = {FB540811-5097-4382-8388-77EFED9054C0}
	EndProjectSection
EndProject
Project("{8BC9CEB8-8B4A-11D0-8D11-00A0C91BC942}") = "splitview", "examples\splitview.vcxproj", "{2444BD83-6B6B-4F25-B3B4-FF87D89FD2A3}"
	ProjectSection(ProjectDependencies) = postProject
		{5C54EAF3-9BB3-441A-A919-40205195AC83} = {5C54EAF3-9BB3-441A-A919-40205195AC83}
		{FB540811-5097-4382-8388-77EFED9054C0} = {FB540811-5097-4382-8388-77EFED9054C0}
	EndProjectSection
EndProject
Project("{8BC9CEB8-8B4A-11D0-8D11-00A0C91BC942}") = "tearing", "tests\tearing.vcxproj", "{32585D12-0856-410B-89D4-077DED0CBA7B}"
	ProjectSection(ProjectDependencies) = postProject
		{5C54EAF3-9BB3-441A-A919-40205195AC83} = {5C54EAF3-9BB3-441A-A919-40205195AC83}
		{FB540811-5097-4382-8388-77EFED9054C0} = {FB540811-5097-4382-8388-77EFED9054C0}
	EndProjectSection
EndProject
Project("{8BC9CEB8-8B4A-11D0-8D11-00A0C91BC942}") = "threads", "tests\threads.vcxproj", "{50B95CE5-4DC9-410A-A70D-91CFECC70458}"
	ProjectSection(ProjectDependencies) = postProject
		{5C54EAF3-9BB3-441A-A919-40205195AC83} = {5C54EAF3-9BB3-441A-A919-40205195AC83}
		{FB540811-5097-4382-8388-77EFED9054C0} = {FB540811-5097-4382-8388-77EFED9054C0}
	EndProjectSection
EndProject
Project("{8BC9CEB8-8B4A-11D0-8D11-00A0C91BC942}") = "title", "tests\title.vcxproj", "{81DECBF5-5064-4BBB-AC70-95DF10A04E3E}"
	ProjectSection(ProjectDependencies) = postProject
		{5C54EAF3-9BB3-441A-A919-40205195AC83} = {5C54EAF3-9BB3-441A-A919-40205195AC83}
		{FB540811-5097-4382-8388-77EFED9054C0} = {FB540811-5097-4382-8388-77EFED9054C0}
	EndProjectSection
EndProject
Project("{8BC9CEB8-8B4A-11D0-8D11-00A0C91BC942}") = "uninstall", "uninstall.vcxproj", "{A325C65E-7ED7-4863-AA49-7D15D391F8A5}"
	ProjectSection(ProjectDependencies) = postProject
		{5C54EAF3-9BB3-441A-A919-40205195AC83} = {5C54EAF3-9BB3-441A-A919-40205195AC83}
	EndProjectSection
EndProject
Project("{8BC9CEB8-8B4A-11D0-8D11-00A0C91BC942}") = "wave", "examples\wave.vcxproj", "{7B939339-3E05-4F35-885B-2CE464B16022}"
	ProjectSection(ProjectDependencies) = postProject
		{5C54EAF3-9BB3-441A-A919-40205195AC83} = {5C54EAF3-9BB3-441A-A919-40205195AC83}
		{FB540811-5097-4382-8388-77EFED9054C0} = {FB540811-5097-4382-8388-77EFED9054C0}
	EndProjectSection
EndProject
Project("{8BC9CEB8-8B4A-11D0-8D11-00A0C91BC942}") = "windows", "tests\windows.vcxproj", "{77B04A22-8165-4D59-A564-A0D3091D1B67}"
	ProjectSection(ProjectDependencies) = postProject
		{5C54EAF3-9BB3-441A-A919-40205195AC83} = {5C54EAF3-9BB3-441A-A919-40205195AC83}
		{FB540811-5097-4382-8388-77EFED9054C0} = {FB540811-5097-4382-8388-77EFED9054C0}
	EndProjectSection
EndProject
Global
	GlobalSection(SolutionConfigurationPlatforms) = preSolution
		Debug|Win32 = Debug|Win32
		Release|Win32 = Release|Win32
		MinSizeRel|Win32 = MinSizeRel|Win32
		RelWithDebInfo|Win32 = RelWithDebInfo|Win32
	EndGlobalSection
	GlobalSection(ProjectConfigurationPlatforms) = postSolution
		{33A8C413-0310-407C-A169-1FEA6C9A3119}.Debug|Win32.ActiveCfg = Debug|Win32
		{33A8C413-0310-407C-A169-1FEA6C9A3119}.Debug|Win32.Build.0 = Debug|Win32
		{33A8C413-0310-407C-A169-1FEA6C9A3119}.Release|Win32.ActiveCfg = Release|Win32
		{33A8C413-0310-407C-A169-1FEA6C9A3119}.Release|Win32.Build.0 = Release|Win32
		{33A8C413-0310-407C-A169-1FEA6C9A3119}.MinSizeRel|Win32.ActiveCfg = MinSizeRel|Win32
		{33A8C413-0310-407C-A169-1FEA6C9A3119}.MinSizeRel|Win32.Build.0 = MinSizeRel|Win32
		{33A8C413-0310-407C-A169-1FEA6C9A3119}.RelWithDebInfo|Win32.ActiveCfg = RelWithDebInfo|Win32
		{33A8C413-0310-407C-A169-1FEA6C9A3119}.RelWithDebInfo|Win32.Build.0 = RelWithDebInfo|Win32
		{7E664106-E328-4AC9-86F2-FF5549C01AE6}.Debug|Win32.ActiveCfg = Debug|Win32
		{7E664106-E328-4AC9-86F2-FF5549C01AE6}.Release|Win32.ActiveCfg = Release|Win32
		{7E664106-E328-4AC9-86F2-FF5549C01AE6}.MinSizeRel|Win32.ActiveCfg = MinSizeRel|Win32
		{7E664106-E328-4AC9-86F2-FF5549C01AE6}.RelWithDebInfo|Win32.ActiveCfg = RelWithDebInfo|Win32
		{5C54EAF3-9BB3-441A-A919-40205195AC83}.Debug|Win32.ActiveCfg = Debug|Win32
		{5C54EAF3-9BB3-441A-A919-40205195AC83}.Debug|Win32.Build.0 = Debug|Win32
		{5C54EAF3-9BB3-441A-A919-40205195AC83}.Release|Win32.ActiveCfg = Release|Win32
		{5C54EAF3-9BB3-441A-A919-40205195AC83}.Release|Win32.Build.0 = Release|Win32
		{5C54EAF3-9BB3-441A-A919-40205195AC83}.MinSizeRel|Win32.ActiveCfg = MinSizeRel|Win32
		{5C54EAF3-9BB3-441A-A919-40205195AC83}.MinSizeRel|Win32.Build.0 = MinSizeRel|Win32
		{5C54EAF3-9BB3-441A-A919-40205195AC83}.RelWithDebInfo|Win32.ActiveCfg = RelWithDebInfo|Win32
		{5C54EAF3-9BB3-441A-A919-40205195AC83}.RelWithDebInfo|Win32.Build.0 = RelWithDebInfo|Win32
		{F58837E4-9D14-44B0-B750-C038E8450954}.Debug|Win32.ActiveCfg = Debug|Win32
		{F58837E4-9D14-44B0-B750-C038E8450954}.Debug|Win32.Build.0 = Debug|Win32
		{F58837E4-9D14-44B0-B750-C038E8450954}.Release|Win32.ActiveCfg = Release|Win32
		{F58837E4-9D14-44B0-B750-C038E8450954}.Release|Win32.Build.0 = Release|Win32
		{F58837E4-9D14-44B0-B750-C038E8450954}.MinSizeRel|Win32.ActiveCfg = MinSizeRel|Win32
		{F58837E4-9D14-44B0-B750-C038E8450954}.MinSizeRel|Win32.Build.0 = MinSizeRel|Win32
		{F58837E4-9D14-44B0-B750-C038E8450954}.RelWithDebInfo|Win32.ActiveCfg = RelWithDebInfo|Win32
		{F58837E4-9D14-44B0-B750-C038E8450954}.RelWithDebInfo|Win32.Build.0 = RelWithDebInfo|Win32
		{20BD2F80-6E10-4A87-9900-1465FC240A51}.Debug|Win32.ActiveCfg = Debug|Win32
		{20BD2F80-6E10-4A87-9900-1465FC240A51}.Debug|Win32.Build.0 = Debug|Win32
		{20BD2F80-6E10-4A87-9900-1465FC240A51}.Release|Win32.ActiveCfg = Release|Win32
		{20BD2F80-6E10-4A87-9900-1465FC240A51}.Release|Win32.Build.0 = Release|Win32
		{20BD2F80-6E10-4A87-9900-1465FC240A51}.MinSizeRel|Win32.ActiveCfg = MinSizeRel|Win32
		{20BD2F80-6E10-4A87-9900-1465FC240A51}.MinSizeRel|Win32.Build.0 = MinSizeRel|Win32
		{20BD2F80-6E10-4A87-9900-1465FC240A51}.RelWithDebInfo|Win32.ActiveCfg = RelWithDebInfo|Win32
		{20BD2F80-6E10-4A87-9900-1465FC240A51}.RelWithDebInfo|Win32.Build.0 = RelWithDebInfo|Win32
		{7F57FAC0-526B-4ADE-9C23-9211C61D1ADD}.Debug|Win32.ActiveCfg = Debug|Win32
		{7F57FAC0-526B-4ADE-9C23-9211C61D1ADD}.Debug|Win32.Build.0 = Debug|Win32
		{7F57FAC0-526B-4ADE-9C23-9211C61D1ADD}.Release|Win32.ActiveCfg = Release|Win32
		{7F57FAC0-526B-4ADE-9C23-9211C61D1ADD}.Release|Win32.Build.0 = Release|Win32
		{7F57FAC0-526B-4ADE-9C23-9211C61D1ADD}.MinSizeRel|Win32.ActiveCfg = MinSizeRel|Win32
		{7F57FAC0-526B-4ADE-9C23-9211C61D1ADD}.MinSizeRel|Win32.Build.0 = MinSizeRel|Win32
		{7F57FAC0-526B-4ADE-9C23-9211C61D1ADD}.RelWithDebInfo|Win32.ActiveCfg = RelWithDebInfo|Win32
		{7F57FAC0-526B-4ADE-9C23-9211C61D1ADD}.RelWithDebInfo|Win32.Build.0 = RelWithDebInfo|Win32
		{A163BC97-5924-4F4A-9831-B5F58C5BB31F}.Debug|Win32.ActiveCfg = Debug|Win32
		{A163BC97-5924-4F4A-9831-B5F58C5BB31F}.Debug|Win32.Build.0 = Debug|Win32
		{A163BC97-5924-4F4A-9831-B5F58C5BB31F}.Release|Win32.ActiveCfg = Release|Win32
		{A163BC97-5924-4F4A-9831-B5F58C5BB31F}.Release|Win32.Build.0 = Release|Win32
		{A163BC97-5924-4F4A-9831-B5F58C5BB31F}.MinSizeRel|Win32.ActiveCfg = MinSizeRel|Win32
		{A163BC97-5924-4F4A-9831-B5F58C5BB31F}.MinSizeRel|Win32.Build.0 = MinSizeRel|Win32
		{A163BC97-5924-4F4A-9831-B5F58C5BB31F}.RelWithDebInfo|Win32.ActiveCfg = RelWithDebInfo|Win32
		{A163BC97-5924-4F4A-9831-B5F58C5BB31F}.RelWithDebInfo|Win32.Build.0 = RelWithDebInfo|Win32
		{5AE34F44-2F4B-4182-8476-67D2B2EF94F6}.Debug|Win32.ActiveCfg = Debug|Win32
		{5AE34F44-2F4B-4182-8476-67D2B2EF94F6}.Debug|Win32.Build.0 = Debug|Win32
		{5AE34F44-2F4B-4182-8476-67D2B2EF94F6}.Release|Win32.ActiveCfg = Release|Win32
		{5AE34F44-2F4B-4182-8476-67D2B2EF94F6}.Release|Win32.Build.0 = Release|Win32
		{5AE34F44-2F4B-4182-8476-67D2B2EF94F6}.MinSizeRel|Win32.ActiveCfg = MinSizeRel|Win32
		{5AE34F44-2F4B-4182-8476-67D2B2EF94F6}.MinSizeRel|Win32.Build.0 = MinSizeRel|Win32
		{5AE34F44-2F4B-4182-8476-67D2B2EF94F6}.RelWithDebInfo|Win32.ActiveCfg = RelWithDebInfo|Win32
		{5AE34F44-2F4B-4182-8476-67D2B2EF94F6}.RelWithDebInfo|Win32.Build.0 = RelWithDebInfo|Win32
		{C386BDF3-6F0A-44C8-A0EA-0DFA8F06C5C4}.Debug|Win32.ActiveCfg = Debug|Win32
		{C386BDF3-6F0A-44C8-A0EA-0DFA8F06C5C4}.Debug|Win32.Build.0 = Debug|Win32
		{C386BDF3-6F0A-44C8-A0EA-0DFA8F06C5C4}.Release|Win32.ActiveCfg = Release|Win32
		{C386BDF3-6F0A-44C8-A0EA-0DFA8F06C5C4}.Release|Win32.Build.0 = Release|Win32
		{C386BDF3-6F0A-44C8-A0EA-0DFA8F06C5C4}.MinSizeRel|Win32.ActiveCfg = MinSizeRel|Win32
		{C386BDF3-6F0A-44C8-A0EA-0DFA8F06C5C4}.MinSizeRel|Win32.Build.0 = MinSizeRel|Win32
		{C386BDF3-6F0A-44C8-A0EA-0DFA8F06C5C4}.RelWithDebInfo|Win32.ActiveCfg = RelWithDebInfo|Win32
		{C386BDF3-6F0A-44C8-A0EA-0DFA8F06C5C4}.RelWithDebInfo|Win32.Build.0 = RelWithDebInfo|Win32
		{A079905D-C2CF-4321-AABD-2BD2840E1D0C}.Debug|Win32.ActiveCfg = Debug|Win32
		{A079905D-C2CF-4321-AABD-2BD2840E1D0C}.Debug|Win32.Build.0 = Debug|Win32
		{A079905D-C2CF-4321-AABD-2BD2840E1D0C}.Release|Win32.ActiveCfg = Release|Win32
		{A079905D-C2CF-4321-AABD-2BD2840E1D0C}.Release|Win32.Build.0 = Release|Win32
		{A079905D-C2CF-4321-AABD-2BD2840E1D0C}.MinSizeRel|Win32.ActiveCfg = MinSizeRel|Win32
		{A079905D-C2CF-4321-AABD-2BD2840E1D0C}.MinSizeRel|Win32.Build.0 = MinSizeRel|Win32
		{A079905D-C2CF-4321-AABD-2BD2840E1D0C}.RelWithDebInfo|Win32.ActiveCfg = RelWithDebInfo|Win32
		{A079905D-C2CF-4321-AABD-2BD2840E1D0C}.RelWithDebInfo|Win32.Build.0 = RelWithDebInfo|Win32
		{00B0828B-B071-4872-8556-97A223F78376}.Debug|Win32.ActiveCfg = Debug|Win32
		{00B0828B-B071-4872-8556-97A223F78376}.Debug|Win32.Build.0 = Debug|Win32
		{00B0828B-B071-4872-8556-97A223F78376}.Release|Win32.ActiveCfg = Release|Win32
		{00B0828B-B071-4872-8556-97A223F78376}.Release|Win32.Build.0 = Release|Win32
		{00B0828B-B071-4872-8556-97A223F78376}.MinSizeRel|Win32.ActiveCfg = MinSizeRel|Win32
		{00B0828B-B071-4872-8556-97A223F78376}.MinSizeRel|Win32.Build.0 = MinSizeRel|Win32
		{00B0828B-B071-4872-8556-97A223F78376}.RelWithDebInfo|Win32.ActiveCfg = RelWithDebInfo|Win32
		{00B0828B-B071-4872-8556-97A223F78376}.RelWithDebInfo|Win32.Build.0 = RelWithDebInfo|Win32
		{FB540811-5097-4382-8388-77EFED9054C0}.Debug|Win32.ActiveCfg = Debug|Win32
		{FB540811-5097-4382-8388-77EFED9054C0}.Debug|Win32.Build.0 = Debug|Win32
		{FB540811-5097-4382-8388-77EFED9054C0}.Release|Win32.ActiveCfg = Release|Win32
		{FB540811-5097-4382-8388-77EFED9054C0}.Release|Win32.Build.0 = Release|Win32
		{FB540811-5097-4382-8388-77EFED9054C0}.MinSizeRel|Win32.ActiveCfg = MinSizeRel|Win32
		{FB540811-5097-4382-8388-77EFED9054C0}.MinSizeRel|Win32.Build.0 = MinSizeRel|Win32
		{FB540811-5097-4382-8388-77EFED9054C0}.RelWithDebInfo|Win32.ActiveCfg = RelWithDebInfo|Win32
		{FB540811-5097-4382-8388-77EFED9054C0}.RelWithDebInfo|Win32.Build.0 = RelWithDebInfo|Win32
		{27D19C14-6D25-4983-94DE-9916CD4DAECD}.Debug|Win32.ActiveCfg = Debug|Win32
		{27D19C14-6D25-4983-94DE-9916CD4DAECD}.Debug|Win32.Build.0 = Debug|Win32
		{27D19C14-6D25-4983-94DE-9916CD4DAECD}.Release|Win32.ActiveCfg = Release|Win32
		{27D19C14-6D25-4983-94DE-9916CD4DAECD}.Release|Win32.Build.0 = Release|Win32
		{27D19C14-6D25-4983-94DE-9916CD4DAECD}.MinSizeRel|Win32.ActiveCfg = MinSizeRel|Win32
		{27D19C14-6D25-4983-94DE-9916CD4DAECD}.MinSizeRel|Win32.Build.0 = MinSizeRel|Win32
		{27D19C14-6D25-4983-94DE-9916CD4DAECD}.RelWithDebInfo|Win32.ActiveCfg = RelWithDebInfo|Win32
		{27D19C14-6D25-4983-94DE-9916CD4DAECD}.RelWithDebInfo|Win32.Build.0 = RelWithDebInfo|Win32
		{A2912CD3-EC68-4C6C-A7A2-26A98C7C1149}.Debug|Win32.ActiveCfg = Debug|Win32
		{A2912CD3-EC68-4C6C-A7A2-26A98C7C1149}.Debug|Win32.Build.0 = Debug|Win32
		{A2912CD3-EC68-4C6C-A7A2-26A98C7C1149}.Release|Win32.ActiveCfg = Release|Win32
		{A2912CD3-EC68-4C6C-A7A2-26A98C7C1149}.Release|Win32.Build.0 = Release|Win32
		{A2912CD3-EC68-4C6C-A7A2-26A98C7C1149}.MinSizeRel|Win32.ActiveCfg = MinSizeRel|Win32
		{A2912CD3-EC68-4C6C-A7A2-26A98C7C1149}.MinSizeRel|Win32.Build.0 = MinSizeRel|Win32
		{A2912CD3-EC68-4C6C-A7A2-26A98C7C1149}.RelWithDebInfo|Win32.ActiveCfg = RelWithDebInfo|Win32
		{A2912CD3-EC68-4C6C-A7A2-26A98C7C1149}.RelWithDebInfo|Win32.Build.0 = RelWithDebInfo|Win32
		{9969B00A-D2CB-45FE-B497-D1F90FBA4FC1}.Debug|Win32.ActiveCfg = Debug|Win32
		{9969B00A-D2CB-45FE-B497-D1F90FBA4FC1}.Debug|Win32.Build.0 = Debug|Win32
		{9969B00A-D2CB-45FE-B497-D1F90FBA4FC1}.Release|Win32.ActiveCfg = Release|Win32
		{9969B00A-D2CB-45FE-B497-D1F90FBA4FC1}.Release|Win32.Build.0 = Release|Win32
		{9969B00A-D2CB-45FE-B497-D1F90FBA4FC1}.MinSizeRel|Win32.ActiveCfg = MinSizeRel|Win32
		{9969B00A-D2CB-45FE-B497-D1F90FBA4FC1}.MinSizeRel|Win32.Build.0 = MinSizeRel|Win32
		{9969B00A-D2CB-45FE-B497-D1F90FBA4FC1}.RelWithDebInfo|Win32.ActiveCfg = RelWithDebInfo|Win32
		{9969B00A-D2CB-45FE-B497-D1F90FBA4FC1}.RelWithDebInfo|Win32.Build.0 = RelWithDebInfo|Win32
		{27526ACB-7B73-41FD-AF0E-683732483A36}.Debug|Win32.ActiveCfg = Debug|Win32
		{27526ACB-7B73-41FD-AF0E-683732483A36}.Debug|Win32.Build.0 = Debug|Win32
		{27526ACB-7B73-41FD-AF0E-683732483A36}.Release|Win32.ActiveCfg = Release|Win32
		{27526ACB-7B73-41FD-AF0E-683732483A36}.Release|Win32.Build.0 = Release|Win32
		{27526ACB-7B73-41FD-AF0E-683732483A36}.MinSizeRel|Win32.ActiveCfg = MinSizeRel|Win32
		{27526ACB-7B73-41FD-AF0E-683732483A36}.MinSizeRel|Win32.Build.0 = MinSizeRel|Win32
		{27526ACB-7B73-41FD-AF0E-683732483A36}.RelWithDebInfo|Win32.ActiveCfg = RelWithDebInfo|Win32
		{27526ACB-7B73-41FD-AF0E-683732483A36}.RelWithDebInfo|Win32.Build.0 = RelWithDebInfo|Win32
		{ECEF66AA-86DC-4AF6-A7BE-996C54DB9876}.Debug|Win32.ActiveCfg = Debug|Win32
		{ECEF66AA-86DC-4AF6-A7BE-996C54DB9876}.Debug|Win32.Build.0 = Debug|Win32
		{ECEF66AA-86DC-4AF6-A7BE-996C54DB9876}.Release|Win32.ActiveCfg = Release|Win32
		{ECEF66AA-86DC-4AF6-A7BE-996C54DB9876}.Release|Win32.Build.0 = Release|Win32
		{ECEF66AA-86DC-4AF6-A7BE-996C54DB9876}.MinSizeRel|Win32.ActiveCfg = MinSizeRel|Win32
		{ECEF66AA-86DC-4AF6-A7BE-996C54DB9876}.MinSizeRel|Win32.Build.0 = MinSizeRel|Win32
		{ECEF66AA-86DC-4AF6-A7BE-996C54DB9876}.RelWithDebInfo|Win32.ActiveCfg = RelWithDebInfo|Win32
		{ECEF66AA-86DC-4AF6-A7BE-996C54DB9876}.RelWithDebInfo|Win32.Build.0 = RelWithDebInfo|Win32
		{C647DEA6-732F-41CC-A616-07B6DF6F445A}.Debug|Win32.ActiveCfg = Debug|Win32
		{C647DEA6-732F-41CC-A616-07B6DF6F445A}.Debug|Win32.Build.0 = Debug|Win32
		{C647DEA6-732F-41CC-A616-07B6DF6F445A}.Release|Win32.ActiveCfg = Release|Win32
		{C647DEA6-732F-41CC-A616-07B6DF6F445A}.Release|Win32.Build.0 = Release|Win32
		{C647DEA6-732F-41CC-A616-07B6DF6F445A}.MinSizeRel|Win32.ActiveCfg = MinSizeRel|Win32
		{C647DEA6-732F-41CC-A616-07B6DF6F445A}.MinSizeRel|Win32.Build.0 = MinSizeRel|Win32
		{C647DEA6-732F-41CC-A616-07B6DF6F445A}.RelWithDebInfo|Win32.ActiveCfg = RelWithDebInfo|Win32
		{C647DEA6-732F-41CC-A616-07B6DF6F445A}.RelWithDebInfo|Win32.Build.0 = RelWithDebInfo|Win32
		{15C77FC1-38B8-43BF-B7ED-82B01F35E7F3}.Debug|Win32.ActiveCfg = Debug|Win32
		{15C77FC1-38B8-43BF-B7ED-82B01F35E7F3}.Debug|Win32.Build.0 = Debug|Win32
		{15C77FC1-38B8-43BF-B7ED-82B01F35E7F3}.Release|Win32.ActiveCfg = Release|Win32
		{15C77FC1-38B8-43BF-B7ED-82B01F35E7F3}.Release|Win32.Build.0 = Release|Win32
		{15C77FC1-38B8-43BF-B7ED-82B01F35E7F3}.MinSizeRel|Win32.ActiveCfg = MinSizeRel|Win32
		{15C77FC1-38B8-43BF-B7ED-82B01F35E7F3}.MinSizeRel|Win32.Build.0 = MinSizeRel|Win32
		{15C77FC1-38B8-43BF-B7ED-82B01F35E7F3}.RelWithDebInfo|Win32.ActiveCfg = RelWithDebInfo|Win32
		{15C77FC1-38B8-43BF-B7ED-82B01F35E7F3}.RelWithDebInfo|Win32.Build.0 = RelWithDebInfo|Win32
		{21174441-B7D2-4288-931F-7C3809420F9F}.Debug|Win32.ActiveCfg = Debug|Win32
		{21174441-B7D2-4288-931F-7C3809420F9F}.Debug|Win32.Build.0 = Debug|Win32
		{21174441-B7D2-4288-931F-7C3809420F9F}.Release|Win32.ActiveCfg = Release|Win32
		{21174441-B7D2-4288-931F-7C3809420F9F}.Release|Win32.Build.0 = Release|Win32
		{21174441-B7D2-4288-931F-7C3809420F9F}.MinSizeRel|Win32.ActiveCfg = MinSizeRel|Win32
		{21174441-B7D2-4288-931F-7C3809420F9F}.MinSizeRel|Win32.Build.0 = MinSizeRel|Win32
		{21174441-B7D2-4288-931F-7C3809420F9F}.RelWithDebInfo|Win32.ActiveCfg = RelWithDebInfo|Win32
		{21174441-B7D2-4288-931F-7C3809420F9F}.RelWithDebInfo|Win32.Build.0 = RelWithDebInfo|Win32
		{F494976A-8392-4EE0-B046-D039D87FF48A}.Debug|Win32.ActiveCfg = Debug|Win32
		{F494976A-8392-4EE0-B046-D039D87FF48A}.Debug|Win32.Build.0 = Debug|Win32
		{F494976A-8392-4EE0-B046-D039D87FF48A}.Release|Win32.ActiveCfg = Release|Win32
		{F494976A-8392-4EE0-B046-D039D87FF48A}.Release|Win32.Build.0 = Release|Win32
		{F494976A-8392-4EE0-B046-D039D87FF48A}.MinSizeRel|Win32.ActiveCfg = MinSizeRel|Win32
		{F494976A-8392-4EE0-B046-D039D87FF48A}.MinSizeRel|Win32.Build.0 = MinSizeRel|Win32
		{F494976A-8392-4EE0-B046-D039D87FF48A}.RelWithDebInfo|Win32.ActiveCfg = RelWithDebInfo|Win32
		{F494976A-8392-4EE0-B046-D039D87FF48A}.RelWithDebInfo|Win32.Build.0 = RelWithDebInfo|Win32
		{2444BD83-6B6B-4F25-B3B4-FF87D89FD2A3}.Debug|Win32.ActiveCfg = Debug|Win32
		{2444BD83-6B6B-4F25-B3B4-FF87D89FD2A3}.Debug|Win32.Build.0 = Debug|Win32
		{2444BD83-6B6B-4F25-B3B4-FF87D89FD2A3}.Release|Win32.ActiveCfg = Release|Win32
		{2444BD83-6B6B-4F25-B3B4-FF87D89FD2A3}.Release|Win32.Build.0 = Release|Win32
		{2444BD83-6B6B-4F25-B3B4-FF87D89FD2A3}.MinSizeRel|Win32.ActiveCfg = MinSizeRel|Win32
		{2444BD83-6B6B-4F25-B3B4-FF87D89FD2A3}.MinSizeRel|Win32.Build.0 = MinSizeRel|Win32
		{2444BD83-6B6B-4F25-B3B4-FF87D89FD2A3}.RelWithDebInfo|Win32.ActiveCfg = RelWithDebInfo|Win32
		{2444BD83-6B6B-4F25-B3B4-FF87D89FD2A3}.RelWithDebInfo|Win32.Build.0 = RelWithDebInfo|Win32
		{32585D12-0856-410B-89D4-077DED0CBA7B}.Debug|Win32.ActiveCfg = Debug|Win32
		{32585D12-0856-410B-89D4-077DED0CBA7B}.Debug|Win32.Build.0 = Debug|Win32
		{32585D12-0856-410B-89D4-077DED0CBA7B}.Release|Win32.ActiveCfg = Release|Win32
		{32585D12-0856-410B-89D4-077DED0CBA7B}.Release|Win32.Build.0 = Release|Win32
		{32585D12-0856-410B-89D4-077DED0CBA7B}.MinSizeRel|Win32.ActiveCfg = MinSizeRel|Win32
		{32585D12-0856-410B-89D4-077DED0CBA7B}.MinSizeRel|Win32.Build.0 = MinSizeRel|Win32
		{32585D12-0856-410B-89D4-077DED0CBA7B}.RelWithDebInfo|Win32.ActiveCfg = RelWithDebInfo|Win32
		{32585D12-0856-410B-89D4-077DED0CBA7B}.RelWithDebInfo|Win32.Build.0 = RelWithDebInfo|Win32
		{50B95CE5-4DC9-410A-A70D-91CFECC70458}.Debug|Win32.ActiveCfg = Debug|Win32
		{50B95CE5-4DC9-410A-A70D-91CFECC70458}.Debug|Win32.Build.0 = Debug|Win32
		{50B95CE5-4DC9-410A-A70D-91CFECC70458}.Release|Win32.ActiveCfg = Release|Win32
		{50B95CE5-4DC9-410A-A70D-91CFECC70458}.Release|Win32.Build.0 = Release|Win32
		{50B95CE5-4DC9-410A-A70D-91CFECC70458}.MinSizeRel|Win32.ActiveCfg = MinSizeRel|Win32
		{50B95CE5-4DC9-410A-A70D-91CFECC70458}.MinSizeRel|Win32.Build.0 = MinSizeRel|Win32
		{50B95CE5-4DC9-410A-A70D-91CFECC70458}.RelWithDebInfo|Win32.ActiveCfg = RelWithDebInfo|Win32
		{50B95CE5-4DC9-410A-A70D-91CFECC70458}.RelWithDebInfo|Win32.Build.0 = RelWithDebInfo|Win32
		{81DECBF5-5064-4BBB-AC70-95DF10A04E3E}.Debug|Win32.ActiveCfg = Debug|Win32
		{81DECBF5-5064-4BBB-AC70-95DF10A04E3E}.Debug|Win32.Build.0 = Debug|Win32
		{81DECBF5-5064-4BBB-AC70-95DF10A04E3E}.Release|Win32.ActiveCfg = Release|Win32
		{81DECBF5-5064-4BBB-AC70-95DF10A04E3E}.Release|Win32.Build.0 = Release|Win32
		{81DECBF5-5064-4BBB-AC70-95DF10A04E3E}.MinSizeRel|Win32.ActiveCfg = MinSizeRel|Win32
		{81DECBF5-5064-4BBB-AC70-95DF10A04E3E}.MinSizeRel|Win32.Build.0 = MinSizeRel|Win32
		{81DECBF5-5064-4BBB-AC70-95DF10A04E3E}.RelWithDebInfo|Win32.ActiveCfg = RelWithDebInfo|Win32
		{81DECBF5-5064-4BBB-AC70-95DF10A04E3E}.RelWithDebInfo|Win32.Build.0 = RelWithDebInfo|Win32
		{A325C65E-7ED7-4863-AA49-7D15D391F8A5}.Debug|Win32.ActiveCfg = Debug|Win32
		{A325C65E-7ED7-4863-AA49-7D15D391F8A5}.Release|Win32.ActiveCfg = Release|Win32
		{A325C65E-7ED7-4863-AA49-7D15D391F8A5}.MinSizeRel|Win32.ActiveCfg = MinSizeRel|Win32
		{A325C65E-7ED7-4863-AA49-7D15D391F8A5}.RelWithDebInfo|Win32.ActiveCfg = RelWithDebInfo|Win32
		{7B939339-3E05-4F35-885B-2CE464B16022}.Debug|Win32.ActiveCfg = Debug|Win32
		{7B939339-3E05-4F35-885B-2CE464B16022}.Debug|Win32.Build.0 = Debug|Win32
		{7B939339-3E05-4F35-885B-2CE464B16022}.Release|Win32.ActiveCfg = Release|Win32
		{7B939339-3E05-4F35-885B-2CE464B16022}.Release|Win32.Build.0 = Release|Win32
		{7B939339-3E05-4F35-885B-2CE464B16022}.MinSizeRel|Win32.ActiveCfg = MinSizeRel|Win32
		{7B939339-3E05-4F35-885B-2CE464B16022}.MinSizeRel|Win32.Build.0 = MinSizeRel|Win32
		{7B939339-3E05-4F35-885B-2CE464B16022}.RelWithDebInfo|Win32.ActiveCfg = RelWithDebInfo|Win32
		{7B939339-3E05-4F35-885B-2CE464B16022}.RelWithDebInfo|Win32.Build.0 = RelWithDebInfo|Win32
		{77B04A22-8165-4D59-A564-A0D3091D1B67}.Debug|Win32.ActiveCfg = Debug|Win32
		{77B04A22-8165-4D59-A564-A0D3091D1B67}.Debug|Win32.Build.0 = Debug|Win32
		{77B04A22-8165-4D59-A564-A0D3091D1B67}.Release|Win32.ActiveCfg = Release|Win32
		{77B04A22-8165-4D59-A564-A0D3091D1B67}.Release|Win32.Build.0 = Release|Win32
		{77B04A22-8165-4D59-A564-A0D3091D1B67}.MinSizeRel|Win32.ActiveCfg = MinSizeRel|Win32
		{77B04A22-8165-4D59-A564-A0D3091D1B67}.MinSizeRel|Win32.Build.0 = MinSizeRel|Win32
		{77B04A22-8165-4D59-A564-A0D3091D1B67}.RelWithDebInfo|Win32.ActiveCfg = RelWithDebInfo|Win32
		{77B04A22-8165-4D59-A564-A0D3091D1B67}.RelWithDebInfo|Win32.Build.0 = RelWithDebInfo|Win32
	EndGlobalSection
	GlobalSection(ExtensibilityGlobals) = postSolution
	EndGlobalSection
	GlobalSection(ExtensibilityAddIns) = postSolution
	EndGlobalSection
EndGlobal
